<?xml version="1.0" encoding="utf-8"?>
<Project ToolsVersion="4.0" xmlns="http://schemas.microsoft.com/developer/msbuild/2003">
  <ItemGroup>
    <Filter Include="Source Files">
      <UniqueIdentifier>{4FC737F1-C7A5-4376-A066-2A32D752A2FF}</UniqueIdentifier>
      <Extensions>cpp;c;cc;cxx;def;odl;idl;hpj;bat;asm;asmx</Extensions>
    </Filter>
    <Filter Include="Header Files">
      <UniqueIdentifier>{93995380-89BD-4b04-88EB-625FBE52EBFB}</UniqueIdentifier>
      <Extensions>h;hpp;hxx;hm;inl;inc;xsd</Extensions>
    </Filter>
    <Filter Include="Win32Res">
      <UniqueIdentifier>{67DA6AB6-F800-4c08-8B7A-83BB121AAD01}</UniqueIdentifier>
      <Extensions>rc;ico;cur;bmp;dlg;rc2;rct;bin;rgs;gif;jpg;jpeg;jpe;resx;tiff;tif;png;wav</Extensions>
    </Filter>
    <Filter Include="Resources">
      <UniqueIdentifier>{64c93967-d0cf-4a43-ad42-2c66dc66c5b8}</UniqueIdentifier>
    </Filter>
    <Filter Include="Resources\Shaders">
      <UniqueIdentifier>{579c080a-717e-429b-8b01-ae9eccb5ad2f}</UniqueIdentifier>
    </Filter>
    <Filter Include="Source Files\Resource">
      <UniqueIdentifier>{bb5b6971-89f9-4533-af15-987f83b26097}</UniqueIdentifier>
    </Filter>
    <Filter Include="Source Files\Scene">
      <UniqueIdentifier>{39e5fae6-ff64-4fb5-be32-d4395acbac5d}</UniqueIdentifier>
    </Filter>
    <Filter Include="Source Files\PhysicsStuff">
      <UniqueIdentifier>{71ac8ff6-5f22-4fe6-8277-9cbe5ca00bfa}</UniqueIdentifier>
    </Filter>
  </ItemGroup>
  <ItemGroup>
    <ClCompile Include="NewTrainingFramework.cpp">
      <Filter>Source Files</Filter>
    </ClCompile>
    <ClCompile Include="stdafx.cpp">
      <Filter>Source Files</Filter>
    </ClCompile>
    <ClCompile Include="ResourceManager.cpp">
      <Filter>Source Files\Resource</Filter>
    </ClCompile>
    <ClCompile Include="Camera.cpp">
      <Filter>Source Files\Scene</Filter>
    </ClCompile>
    <ClCompile Include="SceneObject.cpp">
      <Filter>Source Files\Scene</Filter>
    </ClCompile>
    <ClCompile Include="SceneManager.cpp">
      <Filter>Source Files\Scene</Filter>
    </ClCompile>
    <ClCompile Include="TerrainObject.cpp">
      <Filter>Source Files\Scene</Filter>
    </ClCompile>
    <ClCompile Include="Texture.cpp">
      <Filter>Source Files\Resource</Filter>
    </ClCompile>
    <ClCompile Include="Shader.cpp">
      <Filter>Source Files\Resource</Filter>
    </ClCompile>
    <ClCompile Include="Model.cpp">
      <Filter>Source Files\Resource</Filter>
    </ClCompile>
    <ClCompile Include="Skybox.cpp">
      <Filter>Source Files\Scene</Filter>
    </ClCompile>
    <ClCompile Include="Light.cpp">
      <Filter>Source Files\Scene</Filter>
    </ClCompile>
    <ClCompile Include="Fire.cpp">
      <Filter>Source Files\Scene</Filter>
    </ClCompile>
    <ClCompile Include="Plane.cpp">
      <Filter>Source Files\PhysicsStuff</Filter>
    </ClCompile>
    <ClCompile Include="PhysicsObject.cpp">
      <Filter>Source Files\PhysicsStuff</Filter>
    </ClCompile>
    <ClCompile Include="PhysicsEngine.cpp">
      <Filter>Source Files\PhysicsStuff</Filter>
    </ClCompile>
    <ClCompile Include="SphereCollider.cpp">
      <Filter>Source Files\PhysicsStuff</Filter>
    </ClCompile>
    <ClCompile Include="BoxCollider.cpp">
      <Filter>Source Files\PhysicsStuff</Filter>
    </ClCompile>
    <ClCompile Include="Collider.cpp">
      <Filter>Source Files\PhysicsStuff</Filter>
    </ClCompile>
  </ItemGroup>
  <ItemGroup>
    <ClInclude Include="Globals.h">
      <Filter>Header Files</Filter>
    </ClInclude>
    <ClInclude Include="Shaders.h">
      <Filter>Header Files</Filter>
    </ClInclude>
    <ClInclude Include="stdafx.h">
      <Filter>Header Files</Filter>
    </ClInclude>
    <ClInclude Include="targetver.h">
      <Filter>Header Files</Filter>
    </ClInclude>
    <ClInclude Include="Vertex.h">
      <Filter>Header Files</Filter>
    </ClInclude>
    <ClInclude Include="C:\Users\MIHAIL\Downloads\rapidxml-1.13\rapidxml-1.13\rapidxml.hpp">
      <Filter>Header Files</Filter>
    </ClInclude>
    <ClInclude Include="C:\Users\MIHAIL\Downloads\rapidxml-1.13\rapidxml-1.13\rapidxml_iterators.hpp">
      <Filter>Header Files</Filter>
    </ClInclude>
    <ClInclude Include="C:\Users\MIHAIL\Downloads\rapidxml-1.13\rapidxml-1.13\rapidxml_print.hpp">
      <Filter>Header Files</Filter>
    </ClInclude>
    <ClInclude Include="C:\Users\MIHAIL\Downloads\rapidxml-1.13\rapidxml-1.13\rapidxml_utils.hpp">
      <Filter>Header Files</Filter>
    </ClInclude>
    <ClInclude Include="ResourceManager.h">
      <Filter>Source Files\Resource</Filter>
    </ClInclude>
    <ClInclude Include="Camera.h">
      <Filter>Source Files\Scene</Filter>
    </ClInclude>
    <ClInclude Include="ModelResource.h">
      <Filter>Source Files\Resource</Filter>
    </ClInclude>
    <ClInclude Include="SceneObject.h">
      <Filter>Source Files\Scene</Filter>
    </ClInclude>
    <ClInclude Include="ShaderResource.h">
      <Filter>Source Files\Resource</Filter>
    </ClInclude>
    <ClInclude Include="TextureResource.h">
      <Filter>Source Files\Resource</Filter>
    </ClInclude>
    <ClInclude Include="SceneManager.h">
      <Filter>Source Files\Scene</Filter>
    </ClInclude>
    <ClInclude Include="TerrainObject.h">
      <Filter>Source Files\Scene</Filter>
    </ClInclude>
    <ClInclude Include="Texture.h">
      <Filter>Source Files\Resource</Filter>
    </ClInclude>
    <ClInclude Include="Shader.h">
      <Filter>Source Files\Resource</Filter>
    </ClInclude>
    <ClInclude Include="Model.h">
      <Filter>Source Files\Resource</Filter>
    </ClInclude>
    <ClInclude Include="Skybox.h">
      <Filter>Source Files\Scene</Filter>
    </ClInclude>
    <ClInclude Include="Light.h">
      <Filter>Source Files\Scene</Filter>
    </ClInclude>
    <ClInclude Include="Fire.h">
      <Filter>Source Files\Scene</Filter>
    </ClInclude>
    <ClInclude Include="IntersectData.h">
      <Filter>Source Files\PhysicsStuff</Filter>
    </ClInclude>
    <ClInclude Include="Plane.h">
      <Filter>Source Files\PhysicsStuff</Filter>
    </ClInclude>
    <ClInclude Include="PhysicsObject.h">
      <Filter>Source Files\PhysicsStuff</Filter>
    </ClInclude>
    <ClInclude Include="PhysicsEngine.h">
      <Filter>Source Files\PhysicsStuff</Filter>
    </ClInclude>
    <ClInclude Include="SphereCollider.h">
      <Filter>Source Files\PhysicsStuff</Filter>
    </ClInclude>
    <ClInclude Include="BoxCollider.h">
      <Filter>Source Files\PhysicsStuff</Filter>
    </ClInclude>
    <ClInclude Include="Collider.h">
      <Filter>Source Files\PhysicsStuff</Filter>
    </ClInclude>
  </ItemGroup>
  <ItemGroup>
    <None Include="..\..\Readme.doc" />
    <None Include="Resources\Shaders\terrainShaderVS.glsl">
      <Filter>Resources\Shaders</Filter>
    </None>
    <None Include="Resources\Shaders\terrainShaderFS.glsl">
      <Filter>Resources\Shaders</Filter>
    </None>
    <None Include="Resources\Shaders\SkyboxFS.glsl">
      <Filter>Resources\Shaders</Filter>
    </None>
    <None Include="Resources\Shaders\SkyboxVS.glsl">
      <Filter>Resources\Shaders</Filter>
    </None>
    <None Include="Resources\Shaders\FireFS.glsl">
      <Filter>Resources\Shaders</Filter>
    </None>
    <None Include="Resources\Shaders\FireVS.glsl">
      <Filter>Resources\Shaders</Filter>
    </None>
    <None Include="Resources\Shaders\SimpleShaderFS.glsl">
      <Filter>Resources\Shaders</Filter>
    </None>
    <None Include="Resources\Shaders\SimpleShaderVS.glsl">
      <Filter>Resources\Shaders</Filter>
    </None>
  </ItemGroup>
</Project>